
Microsoft Visual Studio Solution File, Format Version 12.00
# Visual Studio 15
VisualStudioVersion = 15.0.28010.0
MinimumVisualStudioVersion = 10.0.40219.1
Project("{FAE04EC0-301F-11D3-BF4B-00C04F79EFBC}") = "OpacityListView.Android", "OpacityListView\OpacityListView.Android\OpacityListView.Android.csproj", "{5CE28A93-0209-45FB-A0A4-C7C38E4973B1}"
EndProject
Project("{FAE04EC0-301F-11D3-BF4B-00C04F79EFBC}") = "OpacityListView.iOS", "OpacityListView\OpacityListView.iOS\OpacityListView.iOS.csproj", "{AC1DFE39-0022-4AA6-AC5B-5D16118AD2A3}"
EndProject
Project("{FAE04EC0-301F-11D3-BF4B-00C04F79EFBC}") = "OpacityListView.UWP", "OpacityListView\OpacityListView.UWP\OpacityListView.UWP.csproj", "{E45ECA05-8ABB-4BEE-B091-97FD5F315174}"
EndProject
Project("{FAE04EC0-301F-11D3-BF4B-00C04F79EFBC}") = "OpacityListView", "OpacityListView\OpacityListView\OpacityListView.csproj", "{F5C7FE94-36CF-4B36-AE04-C8D1A52E0114}"
EndProject
Global
	GlobalSection(SolutionConfigurationPlatforms) = preSolution
		Ad-Hoc|Any CPU = Ad-Hoc|Any CPU
		Ad-Hoc|ARM = Ad-Hoc|ARM
		Ad-Hoc|iPhone = Ad-Hoc|iPhone
		Ad-Hoc|iPhoneSimulator = Ad-Hoc|iPhoneSimulator
		Ad-Hoc|x64 = Ad-Hoc|x64
		Ad-Hoc|x86 = Ad-Hoc|x86
		AppStore|Any CPU = AppStore|Any CPU
		AppStore|ARM = AppStore|ARM
		AppStore|iPhone = AppStore|iPhone
		AppStore|iPhoneSimulator = AppStore|iPhoneSimulator
		AppStore|x64 = AppStore|x64
		AppStore|x86 = AppStore|x86
		Debug|Any CPU = Debug|Any CPU
		Debug|ARM = Debug|ARM
		Debug|iPhone = Debug|iPhone
		Debug|iPhoneSimulator = Debug|iPhoneSimulator
		Debug|x64 = Debug|x64
		Debug|x86 = Debug|x86
		Release|Any CPU = Release|Any CPU
		Release|ARM = Release|ARM
		Release|iPhone = Release|iPhone
		Release|iPhoneSimulator = Release|iPhoneSimulator
		Release|x64 = Release|x64
		Release|x86 = Release|x86
	EndGlobalSection
	GlobalSection(ProjectConfigurationPlatforms) = postSolution
		{5CE28A93-0209-45FB-A0A4-C7C38E4973B1}.Ad-Hoc|Any CPU.ActiveCfg = Release|Any CPU
		{5CE28A93-0209-45FB-A0A4-C7C38E4973B1}.Ad-Hoc|Any CPU.Build.0 = Release|Any CPU
		{5CE28A93-0209-45FB-A0A4-C7C38E4973B1}.Ad-Hoc|Any CPU.Deploy.0 = Release|Any CPU
		{5CE28A93-0209-45FB-A0A4-C7C38E4973B1}.Ad-Hoc|ARM.ActiveCfg = Release|Any CPU
		{5CE28A93-0209-45FB-A0A4-C7C38E4973B1}.Ad-Hoc|ARM.Build.0 = Release|Any CPU
		{5CE28A93-0209-45FB-A0A4-C7C38E4973B1}.Ad-Hoc|ARM.Deploy.0 = Release|Any CPU
		{5CE28A93-0209-45FB-A0A4-C7C38E4973B1}.Ad-Hoc|iPhone.ActiveCfg = Release|Any CPU
		{5CE28A93-0209-45FB-A0A4-C7C38E4973B1}.Ad-Hoc|iPhone.Build.0 = Release|Any CPU
		{5CE28A93-0209-45FB-A0A4-C7C38E4973B1}.Ad-Hoc|iPhone.Deploy.0 = Release|Any CPU
		{5CE28A93-0209-45FB-A0A4-C7C38E4973B1}.Ad-Hoc|iPhoneSimulator.ActiveCfg = Release|Any CPU
		{5CE28A93-0209-45FB-A0A4-C7C38E4973B1}.Ad-Hoc|iPhoneSimulator.Build.0 = Release|Any CPU
		{5CE28A93-0209-45FB-A0A4-C7C38E4973B1}.Ad-Hoc|iPhoneSimulator.Deploy.0 = Release|Any CPU
		{5CE28A93-0209-45FB-A0A4-C7C38E4973B1}.Ad-Hoc|x64.ActiveCfg = Release|Any CPU
		{5CE28A93-0209-45FB-A0A4-C7C38E4973B1}.Ad-Hoc|x64.Build.0 = Release|Any CPU
		{5CE28A93-0209-45FB-A0A4-C7C38E4973B1}.Ad-Hoc|x64.Deploy.0 = Release|Any CPU
		{5CE28A93-0209-45FB-A0A4-C7C38E4973B1}.Ad-Hoc|x86.ActiveCfg = Release|Any CPU
		{5CE28A93-0209-45FB-A0A4-C7C38E4973B1}.Ad-Hoc|x86.Build.0 = Release|Any CPU
		{5CE28A93-0209-45FB-A0A4-C7C38E4973B1}.Ad-Hoc|x86.Deploy.0 = Release|Any CPU
		{5CE28A93-0209-45FB-A0A4-C7C38E4973B1}.AppStore|Any CPU.ActiveCfg = Release|Any CPU
		{5CE28A93-0209-45FB-A0A4-C7C38E4973B1}.AppStore|Any CPU.Build.0 = Release|Any CPU
		{5CE28A93-0209-45FB-A0A4-C7C38E4973B1}.AppStore|Any CPU.Deploy.0 = Release|Any CPU
		{5CE28A93-0209-45FB-A0A4-C7C38E4973B1}.AppStore|ARM.ActiveCfg = Release|Any CPU
		{5CE28A93-0209-45FB-A0A4-C7C38E4973B1}.AppStore|ARM.Build.0 = Release|Any CPU
		{5CE28A93-0209-45FB-A0A4-C7C38E4973B1}.AppStore|ARM.Deploy.0 = Release|Any CPU
		{5CE28A93-0209-45FB-A0A4-C7C38E4973B1}.AppStore|iPhone.ActiveCfg = Release|Any CPU
		{5CE28A93-0209-45FB-A0A4-C7C38E4973B1}.AppStore|iPhone.Build.0 = Release|Any CPU
		{5CE28A93-0209-45FB-A0A4-C7C38E4973B1}.AppStore|iPhone.Deploy.0 = Release|Any CPU
		{5CE28A93-0209-45FB-A0A4-C7C38E4973B1}.AppStore|iPhoneSimulator.ActiveCfg = Release|Any CPU
		{5CE28A93-0209-45FB-A0A4-C7C38E4973B1}.AppStore|iPhoneSimulator.Build.0 = Release|Any CPU
		{5CE28A93-0209-45FB-A0A4-C7C38E4973B1}.AppStore|iPhoneSimulator.Deploy.0 = Release|Any CPU
		{5CE28A93-0209-45FB-A0A4-C7C38E4973B1}.AppStore|x64.ActiveCfg = Release|Any CPU
		{5CE28A93-0209-45FB-A0A4-C7C38E4973B1}.AppStore|x64.Build.0 = Release|Any CPU
		{5CE28A93-0209-45FB-A0A4-C7C38E4973B1}.AppStore|x64.Deploy.0 = Release|Any CPU
		{5CE28A93-0209-45FB-A0A4-C7C38E4973B1}.AppStore|x86.ActiveCfg = Release|Any CPU
		{5CE28A93-0209-45FB-A0A4-C7C38E4973B1}.AppStore|x86.Build.0 = Release|Any CPU
		{5CE28A93-0209-45FB-A0A4-C7C38E4973B1}.AppStore|x86.Deploy.0 = Release|Any CPU
		{5CE28A93-0209-45FB-A0A4-C7C38E4973B1}.Debug|Any CPU.ActiveCfg = Debug|Any CPU
		{5CE28A93-0209-45FB-A0A4-C7C38E4973B1}.Debug|Any CPU.Build.0 = Debug|Any CPU
		{5CE28A93-0209-45FB-A0A4-C7C38E4973B1}.Debug|Any CPU.Deploy.0 = Debug|Any CPU
		{5CE28A93-0209-45FB-A0A4-C7C38E4973B1}.Debug|ARM.ActiveCfg = Debug|Any CPU
		{5CE28A93-0209-45FB-A0A4-C7C38E4973B1}.Debug|ARM.Build.0 = Debug|Any CPU
		{5CE28A93-0209-45FB-A0A4-C7C38E4973B1}.Debug|ARM.Deploy.0 = Debug|Any CPU
		{5CE28A93-0209-45FB-A0A4-C7C38E4973B1}.Debug|iPhone.ActiveCfg = Debug|Any CPU
		{5CE28A93-0209-45FB-A0A4-C7C38E4973B1}.Debug|iPhone.Build.0 = Debug|Any CPU
		{5CE28A93-0209-45FB-A0A4-C7C38E4973B1}.Debug|iPhone.Deploy.0 = Debug|Any CPU
		{5CE28A93-0209-45FB-A0A4-C7C38E4973B1}.Debug|iPhoneSimulator.ActiveCfg = Debug|Any CPU
		{5CE28A93-0209-45FB-A0A4-C7C38E4973B1}.Debug|iPhoneSimulator.Build.0 = Debug|Any CPU
		{5CE28A93-0209-45FB-A0A4-C7C38E4973B1}.Debug|iPhoneSimulator.Deploy.0 = Debug|Any CPU
		{5CE28A93-0209-45FB-A0A4-C7C38E4973B1}.Debug|x64.ActiveCfg = Debug|Any CPU
		{5CE28A93-0209-45FB-A0A4-C7C38E4973B1}.Debug|x64.Build.0 = Debug|Any CPU
		{5CE28A93-0209-45FB-A0A4-C7C38E4973B1}.Debug|x64.Deploy.0 = Debug|Any CPU
		{5CE28A93-0209-45FB-A0A4-C7C38E4973B1}.Debug|x86.ActiveCfg = Debug|Any CPU
		{5CE28A93-0209-45FB-A0A4-C7C38E4973B1}.Debug|x86.Build.0 = Debug|Any CPU
		{5CE28A93-0209-45FB-A0A4-C7C38E4973B1}.Debug|x86.Deploy.0 = Debug|Any CPU
		{5CE28A93-0209-45FB-A0A4-C7C38E4973B1}.Release|Any CPU.ActiveCfg = Release|Any CPU
		{5CE28A93-0209-45FB-A0A4-C7C38E4973B1}.Release|Any CPU.Build.0 = Release|Any CPU
		{5CE28A93-0209-45FB-A0A4-C7C38E4973B1}.Release|Any CPU.Deploy.0 = Release|Any CPU
		{5CE28A93-0209-45FB-A0A4-C7C38E4973B1}.Release|ARM.ActiveCfg = Release|Any CPU
		{5CE28A93-0209-45FB-A0A4-C7C38E4973B1}.Release|ARM.Build.0 = Release|Any CPU
		{5CE28A93-0209-45FB-A0A4-C7C38E4973B1}.Release|ARM.Deploy.0 = Release|Any CPU
		{5CE28A93-0209-45FB-A0A4-C7C38E4973B1}.Release|iPhone.ActiveCfg = Release|Any CPU
		{5CE28A93-0209-45FB-A0A4-C7C38E4973B1}.Release|iPhone.Build.0 = Release|Any CPU
		{5CE28A93-0209-45FB-A0A4-C7C38E4973B1}.Release|iPhone.Deploy.0 = Release|Any CPU
		{5CE28A93-0209-45FB-A0A4-C7C38E4973B1}.Release|iPhoneSimulator.ActiveCfg = Release|Any CPU
		{5CE28A93-0209-45FB-A0A4-C7C38E4973B1}.Release|iPhoneSimulator.Build.0 = Release|Any CPU
		{5CE28A93-0209-45FB-A0A4-C7C38E4973B1}.Release|iPhoneSimulator.Deploy.0 = Release|Any CPU
		{5CE28A93-0209-45FB-A0A4-C7C38E4973B1}.Release|x64.ActiveCfg = Release|Any CPU
		{5CE28A93-0209-45FB-A0A4-C7C38E4973B1}.Release|x64.Build.0 = Release|Any CPU
		{5CE28A93-0209-45FB-A0A4-C7C38E4973B1}.Release|x64.Deploy.0 = Release|Any CPU
		{5CE28A93-0209-45FB-A0A4-C7C38E4973B1}.Release|x86.ActiveCfg = Release|Any CPU
		{5CE28A93-0209-45FB-A0A4-C7C38E4973B1}.Release|x86.Build.0 = Release|Any CPU
		{5CE28A93-0209-45FB-A0A4-C7C38E4973B1}.Release|x86.Deploy.0 = Release|Any CPU
		{AC1DFE39-0022-4AA6-AC5B-5D16118AD2A3}.Ad-Hoc|Any CPU.ActiveCfg = Ad-Hoc|iPhone
		{AC1DFE39-0022-4AA6-AC5B-5D16118AD2A3}.Ad-Hoc|Any CPU.Build.0 = Ad-Hoc|iPhone
		{AC1DFE39-0022-4AA6-AC5B-5D16118AD2A3}.Ad-Hoc|Any CPU.Deploy.0 = Ad-Hoc|iPhone
		{AC1DFE39-0022-4AA6-AC5B-5D16118AD2A3}.Ad-Hoc|ARM.ActiveCfg = Ad-Hoc|iPhone
		{AC1DFE39-0022-4AA6-AC5B-5D16118AD2A3}.Ad-Hoc|ARM.Build.0 = Ad-Hoc|iPhone
		{AC1DFE39-0022-4AA6-AC5B-5D16118AD2A3}.Ad-Hoc|ARM.Deploy.0 = Ad-Hoc|iPhone
		{AC1DFE39-0022-4AA6-AC5B-5D16118AD2A3}.Ad-Hoc|iPhone.ActiveCfg = Ad-Hoc|iPhone
		{AC1DFE39-0022-4AA6-AC5B-5D16118AD2A3}.Ad-Hoc|iPhone.Build.0 = Ad-Hoc|iPhone
		{AC1DFE39-0022-4AA6-AC5B-5D16118AD2A3}.Ad-Hoc|iPhone.Deploy.0 = Ad-Hoc|iPhone
		{AC1DFE39-0022-4AA6-AC5B-5D16118AD2A3}.Ad-Hoc|iPhoneSimulator.ActiveCfg = Ad-Hoc|iPhoneSimulator
		{AC1DFE39-0022-4AA6-AC5B-5D16118AD2A3}.Ad-Hoc|iPhoneSimulator.Build.0 = Ad-Hoc|iPhoneSimulator
		{AC1DFE39-0022-4AA6-AC5B-5D16118AD2A3}.Ad-Hoc|iPhoneSimulator.Deploy.0 = Ad-Hoc|iPhoneSimulator
		{AC1DFE39-0022-4AA6-AC5B-5D16118AD2A3}.Ad-Hoc|x64.ActiveCfg = Ad-Hoc|iPhone
		{AC1DFE39-0022-4AA6-AC5B-5D16118AD2A3}.Ad-Hoc|x64.Build.0 = Ad-Hoc|iPhone
		{AC1DFE39-0022-4AA6-AC5B-5D16118AD2A3}.Ad-Hoc|x64.Deploy.0 = Ad-Hoc|iPhone
		{AC1DFE39-0022-4AA6-AC5B-5D16118AD2A3}.Ad-Hoc|x86.ActiveCfg = Ad-Hoc|iPhone
		{AC1DFE39-0022-4AA6-AC5B-5D16118AD2A3}.Ad-Hoc|x86.Build.0 = Ad-Hoc|iPhone
		{AC1DFE39-0022-4AA6-AC5B-5D16118AD2A3}.Ad-Hoc|x86.Deploy.0 = Ad-Hoc|iPhone
		{AC1DFE39-0022-4AA6-AC5B-5D16118AD2A3}.AppStore|Any CPU.ActiveCfg = AppStore|iPhone
		{AC1DFE39-0022-4AA6-AC5B-5D16118AD2A3}.AppStore|Any CPU.Build.0 = AppStore|iPhone
		{AC1DFE39-0022-4AA6-AC5B-5D16118AD2A3}.AppStore|Any CPU.Deploy.0 = AppStore|iPhone
		{AC1DFE39-0022-4AA6-AC5B-5D16118AD2A3}.AppStore|ARM.ActiveCfg = AppStore|iPhone
		{AC1DFE39-0022-4AA6-AC5B-5D16118AD2A3}.AppStore|ARM.Build.0 = AppStore|iPhone
		{AC1DFE39-0022-4AA6-AC5B-5D16118AD2A3}.AppStore|ARM.Deploy.0 = AppStore|iPhone
		{AC1DFE39-0022-4AA6-AC5B-5D16118AD2A3}.AppStore|iPhone.ActiveCfg = AppStore|iPhone
		{AC1DFE39-0022-4AA6-AC5B-5D16118AD2A3}.AppStore|iPhone.Build.0 = AppStore|iPhone
		{AC1DFE39-0022-4AA6-AC5B-5D16118AD2A3}.AppStore|iPhone.Deploy.0 = AppStore|iPhone
		{AC1DFE39-0022-4AA6-AC5B-5D16118AD2A3}.AppStore|iPhoneSimulator.ActiveCfg = AppStore|iPhoneSimulator
		{AC1DFE39-0022-4AA6-AC5B-5D16118AD2A3}.AppStore|iPhoneSimulator.Build.0 = AppStore|iPhoneSimulator
		{AC1DFE39-0022-4AA6-AC5B-5D16118AD2A3}.AppStore|iPhoneSimulator.Deploy.0 = AppStore|iPhoneSimulator
		{AC1DFE39-0022-4AA6-AC5B-5D16118AD2A3}.AppStore|x64.ActiveCfg = AppStore|iPhone
		{AC1DFE39-0022-4AA6-AC5B-5D16118AD2A3}.AppStore|x64.Build.0 = AppStore|iPhone
		{AC1DFE39-0022-4AA6-AC5B-5D16118AD2A3}.AppStore|x64.Deploy.0 = AppStore|iPhone
		{AC1DFE39-0022-4AA6-AC5B-5D16118AD2A3}.AppStore|x86.ActiveCfg = AppStore|iPhone
		{AC1DFE39-0022-4AA6-AC5B-5D16118AD2A3}.AppStore|x86.Build.0 = AppStore|iPhone
		{AC1DFE39-0022-4AA6-AC5B-5D16118AD2A3}.AppStore|x86.Deploy.0 = AppStore|iPhone
		{AC1DFE39-0022-4AA6-AC5B-5D16118AD2A3}.Debug|Any CPU.ActiveCfg = Debug|iPhoneSimulator
		{AC1DFE39-0022-4AA6-AC5B-5D16118AD2A3}.Debug|Any CPU.Build.0 = Debug|iPhoneSimulator
		{AC1DFE39-0022-4AA6-AC5B-5D16118AD2A3}.Debug|Any CPU.Deploy.0 = Debug|iPhoneSimulator
		{AC1DFE39-0022-4AA6-AC5B-5D16118AD2A3}.Debug|ARM.ActiveCfg = Debug|iPhone
		{AC1DFE39-0022-4AA6-AC5B-5D16118AD2A3}.Debug|ARM.Build.0 = Debug|iPhone
		{AC1DFE39-0022-4AA6-AC5B-5D16118AD2A3}.Debug|ARM.Deploy.0 = Debug|iPhone
		{AC1DFE39-0022-4AA6-AC5B-5D16118AD2A3}.Debug|iPhone.ActiveCfg = Debug|iPhone
		{AC1DFE39-0022-4AA6-AC5B-5D16118AD2A3}.Debug|iPhone.Build.0 = Debug|iPhone
		{AC1DFE39-0022-4AA6-AC5B-5D16118AD2A3}.Debug|iPhone.Deploy.0 = Debug|iPhone
		{AC1DFE39-0022-4AA6-AC5B-5D16118AD2A3}.Debug|iPhoneSimulator.ActiveCfg = Debug|iPhoneSimulator
		{AC1DFE39-0022-4AA6-AC5B-5D16118AD2A3}.Debug|iPhoneSimulator.Build.0 = Debug|iPhoneSimulator
		{AC1DFE39-0022-4AA6-AC5B-5D16118AD2A3}.Debug|iPhoneSimulator.Deploy.0 = Debug|iPhoneSimulator
		{AC1DFE39-0022-4AA6-AC5B-5D16118AD2A3}.Debug|x64.ActiveCfg = Debug|iPhone
		{AC1DFE39-0022-4AA6-AC5B-5D16118AD2A3}.Debug|x64.Build.0 = Debug|iPhone
		{AC1DFE39-0022-4AA6-AC5B-5D16118AD2A3}.Debug|x64.Deploy.0 = Debug|iPhone
		{AC1DFE39-0022-4AA6-AC5B-5D16118AD2A3}.Debug|x86.ActiveCfg = Debug|iPhone
		{AC1DFE39-0022-4AA6-AC5B-5D16118AD2A3}.Debug|x86.Build.0 = Debug|iPhone
		{AC1DFE39-0022-4AA6-AC5B-5D16118AD2A3}.Debug|x86.Deploy.0 = Debug|iPhone
		{AC1DFE39-0022-4AA6-AC5B-5D16118AD2A3}.Release|Any CPU.ActiveCfg = Release|iPhone
		{AC1DFE39-0022-4AA6-AC5B-5D16118AD2A3}.Release|Any CPU.Build.0 = Release|iPhone
		{AC1DFE39-0022-4AA6-AC5B-5D16118AD2A3}.Release|Any CPU.Deploy.0 = Release|iPhone
		{AC1DFE39-0022-4AA6-AC5B-5D16118AD2A3}.Release|ARM.ActiveCfg = Release|iPhone
		{AC1DFE39-0022-4AA6-AC5B-5D16118AD2A3}.Release|ARM.Build.0 = Release|iPhone
		{AC1DFE39-0022-4AA6-AC5B-5D16118AD2A3}.Release|ARM.Deploy.0 = Release|iPhone
		{AC1DFE39-0022-4AA6-AC5B-5D16118AD2A3}.Release|iPhone.ActiveCfg = Release|iPhone
		{AC1DFE39-0022-4AA6-AC5B-5D16118AD2A3}.Release|iPhone.Build.0 = Release|iPhone
		{AC1DFE39-0022-4AA6-AC5B-5D16118AD2A3}.Release|iPhone.Deploy.0 = Release|iPhone
		{AC1DFE39-0022-4AA6-AC5B-5D16118AD2A3}.Release|iPhoneSimulator.ActiveCfg = Release|iPhoneSimulator
		{AC1DFE39-0022-4AA6-AC5B-5D16118AD2A3}.Release|iPhoneSimulator.Build.0 = Release|iPhoneSimulator
		{AC1DFE39-0022-4AA6-AC5B-5D16118AD2A3}.Release|iPhoneSimulator.Deploy.0 = Release|iPhoneSimulator
		{AC1DFE39-0022-4AA6-AC5B-5D16118AD2A3}.Release|x64.ActiveCfg = Release|iPhone
		{AC1DFE39-0022-4AA6-AC5B-5D16118AD2A3}.Release|x64.Build.0 = Release|iPhone
		{AC1DFE39-0022-4AA6-AC5B-5D16118AD2A3}.Release|x64.Deploy.0 = Release|iPhone
		{AC1DFE39-0022-4AA6-AC5B-5D16118AD2A3}.Release|x86.ActiveCfg = Release|iPhone
		{AC1DFE39-0022-4AA6-AC5B-5D16118AD2A3}.Release|x86.Build.0 = Release|iPhone
		{AC1DFE39-0022-4AA6-AC5B-5D16118AD2A3}.Release|x86.Deploy.0 = Release|iPhone
		{E45ECA05-8ABB-4BEE-B091-97FD5F315174}.Ad-Hoc|Any CPU.ActiveCfg = Release|x86
		{E45ECA05-8ABB-4BEE-B091-97FD5F315174}.Ad-Hoc|Any CPU.Build.0 = Release|x86
		{E45ECA05-8ABB-4BEE-B091-97FD5F315174}.Ad-Hoc|Any CPU.Deploy.0 = Release|x86
		{E45ECA05-8ABB-4BEE-B091-97FD5F315174}.Ad-Hoc|ARM.ActiveCfg = Release|ARM
		{E45ECA05-8ABB-4BEE-B091-97FD5F315174}.Ad-Hoc|ARM.Build.0 = Release|ARM
		{E45ECA05-8ABB-4BEE-B091-97FD5F315174}.Ad-Hoc|ARM.Deploy.0 = Release|ARM
		{E45ECA05-8ABB-4BEE-B091-97FD5F315174}.Ad-Hoc|iPhone.ActiveCfg = Release|x86
		{E45ECA05-8ABB-4BEE-B091-97FD5F315174}.Ad-Hoc|iPhone.Build.0 = Release|x86
		{E45ECA05-8ABB-4BEE-B091-97FD5F315174}.Ad-Hoc|iPhone.Deploy.0 = Release|x86
		{E45ECA05-8ABB-4BEE-B091-97FD5F315174}.Ad-Hoc|iPhoneSimulator.ActiveCfg = Release|x86
		{E45ECA05-8ABB-4BEE-B091-97FD5F315174}.Ad-Hoc|iPhoneSimulator.Build.0 = Release|x86
		{E45ECA05-8ABB-4BEE-B091-97FD5F315174}.Ad-Hoc|iPhoneSimulator.Deploy.0 = Release|x86
		{E45ECA05-8ABB-4BEE-B091-97FD5F315174}.Ad-Hoc|x64.ActiveCfg = Release|x64
		{E45ECA05-8ABB-4BEE-B091-97FD5F315174}.Ad-Hoc|x64.Build.0 = Release|x64
		{E45ECA05-8ABB-4BEE-B091-97FD5F315174}.Ad-Hoc|x64.Deploy.0 = Release|x64
		{E45ECA05-8ABB-4BEE-B091-97FD5F315174}.Ad-Hoc|x86.ActiveCfg = Release|x86
		{E45ECA05-8ABB-4BEE-B091-97FD5F315174}.Ad-Hoc|x86.Build.0 = Release|x86
		{E45ECA05-8ABB-4BEE-B091-97FD5F315174}.Ad-Hoc|x86.Deploy.0 = Release|x86
		{E45ECA05-8ABB-4BEE-B091-97FD5F315174}.AppStore|Any CPU.ActiveCfg = Release|x86
		{E45ECA05-8ABB-4BEE-B091-97FD5F315174}.AppStore|Any CPU.Build.0 = Release|x86
		{E45ECA05-8ABB-4BEE-B091-97FD5F315174}.AppStore|Any CPU.Deploy.0 = Release|x86
		{E45ECA05-8ABB-4BEE-B091-97FD5F315174}.AppStore|ARM.ActiveCfg = Release|ARM
		{E45ECA05-8ABB-4BEE-B091-97FD5F315174}.AppStore|ARM.Build.0 = Release|ARM
		{E45ECA05-8ABB-4BEE-B091-97FD5F315174}.AppStore|ARM.Deploy.0 = Release|ARM
		{E45ECA05-8ABB-4BEE-B091-97FD5F315174}.AppStore|iPhone.ActiveCfg = Release|x86
		{E45ECA05-8ABB-4BEE-B091-97FD5F315174}.AppStore|iPhone.Build.0 = Release|x86
		{E45ECA05-8ABB-4BEE-B091-97FD5F315174}.AppStore|iPhone.Deploy.0 = Release|x86
		{E45ECA05-8ABB-4BEE-B091-97FD5F315174}.AppStore|iPhoneSimulator.ActiveCfg = Release|x86
		{E45ECA05-8ABB-4BEE-B091-97FD5F315174}.AppStore|iPhoneSimulator.Build.0 = Release|x86
		{E45ECA05-8ABB-4BEE-B091-97FD5F315174}.AppStore|iPhoneSimulator.Deploy.0 = Release|x86
		{E45ECA05-8ABB-4BEE-B091-97FD5F315174}.AppStore|x64.ActiveCfg = Release|x64
		{E45ECA05-8ABB-4BEE-B091-97FD5F315174}.AppStore|x64.Build.0 = Release|x64
		{E45ECA05-8ABB-4BEE-B091-97FD5F315174}.AppStore|x64.Deploy.0 = Release|x64
		{E45ECA05-8ABB-4BEE-B091-97FD5F315174}.AppStore|x86.ActiveCfg = Release|x86
		{E45ECA05-8ABB-4BEE-B091-97FD5F315174}.AppStore|x86.Build.0 = Release|x86
		{E45ECA05-8ABB-4BEE-B091-97FD5F315174}.AppStore|x86.Deploy.0 = Release|x86
		{E45ECA05-8ABB-4BEE-B091-97FD5F315174}.Debug|Any CPU.ActiveCfg = Debug|x86
		{E45ECA05-8ABB-4BEE-B091-97FD5F315174}.Debug|Any CPU.Build.0 = Debug|x86
		{E45ECA05-8ABB-4BEE-B091-97FD5F315174}.Debug|Any CPU.Deploy.0 = Debug|x86
		{E45ECA05-8ABB-4BEE-B091-97FD5F315174}.Debug|ARM.ActiveCfg = Debug|ARM
		{E45ECA05-8ABB-4BEE-B091-97FD5F315174}.Debug|ARM.Build.0 = Debug|ARM
		{E45ECA05-8ABB-4BEE-B091-97FD5F315174}.Debug|ARM.Deploy.0 = Debug|ARM
		{E45ECA05-8ABB-4BEE-B091-97FD5F315174}.Debug|iPhone.ActiveCfg = Debug|x86
		{E45ECA05-8ABB-4BEE-B091-97FD5F315174}.Debug|iPhone.Build.0 = Debug|x86
		{E45ECA05-8ABB-4BEE-B091-97FD5F315174}.Debug|iPhone.Deploy.0 = Debug|x86
		{E45ECA05-8ABB-4BEE-B091-97FD5F315174}.Debug|iPhoneSimulator.ActiveCfg = Debug|x86
		{E45ECA05-8ABB-4BEE-B091-97FD5F315174}.Debug|iPhoneSimulator.Build.0 = Debug|x86
		{E45ECA05-8ABB-4BEE-B091-97FD5F315174}.Debug|iPhoneSimulator.Deploy.0 = Debug|x86
		{E45ECA05-8ABB-4BEE-B091-97FD5F315174}.Debug|x64.ActiveCfg = Debug|x64
		{E45ECA05-8ABB-4BEE-B091-97FD5F315174}.Debug|x64.Build.0 = Debug|x64
		{E45ECA05-8ABB-4BEE-B091-97FD5F315174}.Debug|x64.Deploy.0 = Debug|x64
		{E45ECA05-8ABB-4BEE-B091-97FD5F315174}.Debug|x86.ActiveCfg = Debug|x86
		{E45ECA05-8ABB-4BEE-B091-97FD5F315174}.Debug|x86.Build.0 = Debug|x86
		{E45ECA05-8ABB-4BEE-B091-97FD5F315174}.Debug|x86.Deploy.0 = Debug|x86
		{E45ECA05-8ABB-4BEE-B091-97FD5F315174}.Release|Any CPU.ActiveCfg = Release|x86
		{E45ECA05-8ABB-4BEE-B091-97FD5F315174}.Release|Any CPU.Build.0 = Release|x86
		{E45ECA05-8ABB-4BEE-B091-97FD5F315174}.Release|Any CPU.Deploy.0 = Release|x86
		{E45ECA05-8ABB-4BEE-B091-97FD5F315174}.Release|ARM.ActiveCfg = Release|ARM
		{E45ECA05-8ABB-4BEE-B091-97FD5F315174}.Release|ARM.Build.0 = Release|ARM
		{E45ECA05-8ABB-4BEE-B091-97FD5F315174}.Release|ARM.Deploy.0 = Release|ARM
		{E45ECA05-8ABB-4BEE-B091-97FD5F315174}.Release|iPhone.ActiveCfg = Release|x86
		{E45ECA05-8ABB-4BEE-B091-97FD5F315174}.Release|iPhone.Build.0 = Release|x86
		{E45ECA05-8ABB-4BEE-B091-97FD5F315174}.Release|iPhone.Deploy.0 = Release|x86
		{E45ECA05-8ABB-4BEE-B091-97FD5F315174}.Release|iPhoneSimulator.ActiveCfg = Release|x86
		{E45ECA05-8ABB-4BEE-B091-97FD5F315174}.Release|iPhoneSimulator.Build.0 = Release|x86
		{E45ECA05-8ABB-4BEE-B091-97FD5F315174}.Release|iPhoneSimulator.Deploy.0 = Release|x86
		{E45ECA05-8ABB-4BEE-B091-97FD5F315174}.Release|x64.ActiveCfg = Release|x64
		{E45ECA05-8ABB-4BEE-B091-97FD5F315174}.Release|x64.Build.0 = Release|x64
		{E45ECA05-8ABB-4BEE-B091-97FD5F315174}.Release|x64.Deploy.0 = Release|x64
		{E45ECA05-8ABB-4BEE-B091-97FD5F315174}.Release|x86.ActiveCfg = Release|x86
		{E45ECA05-8ABB-4BEE-B091-97FD5F315174}.Release|x86.Build.0 = Release|x86
		{E45ECA05-8ABB-4BEE-B091-97FD5F315174}.Release|x86.Deploy.0 = Release|x86
		{F5C7FE94-36CF-4B36-AE04-C8D1A52E0114}.Ad-Hoc|Any CPU.ActiveCfg = Debug|Any CPU
		{F5C7FE94-36CF-4B36-AE04-C8D1A52E0114}.Ad-Hoc|Any CPU.Build.0 = Debug|Any CPU
		{F5C7FE94-36CF-4B36-AE04-C8D1A52E0114}.Ad-Hoc|Any CPU.Deploy.0 = Debug|Any CPU
		{F5C7FE94-36CF-4B36-AE04-C8D1A52E0114}.Ad-Hoc|ARM.ActiveCfg = Debug|Any CPU
		{F5C7FE94-36CF-4B36-AE04-C8D1A52E0114}.Ad-Hoc|ARM.Build.0 = Debug|Any CPU
		{F5C7FE94-36CF-4B36-AE04-C8D1A52E0114}.Ad-Hoc|ARM.Deploy.0 = Debug|Any CPU
		{F5C7FE94-36CF-4B36-AE04-C8D1A52E0114}.Ad-Hoc|iPhone.ActiveCfg = Debug|Any CPU
		{F5C7FE94-36CF-4B36-AE04-C8D1A52E0114}.Ad-Hoc|iPhone.Build.0 = Debug|Any CPU
		{F5C7FE94-36CF-4B36-AE04-C8D1A52E0114}.Ad-Hoc|iPhone.Deploy.0 = Debug|Any CPU
		{F5C7FE94-36CF-4B36-AE04-C8D1A52E0114}.Ad-Hoc|iPhoneSimulator.ActiveCfg = Debug|Any CPU
		{F5C7FE94-36CF-4B36-AE04-C8D1A52E0114}.Ad-Hoc|iPhoneSimulator.Build.0 = Debug|Any CPU
		{F5C7FE94-36CF-4B36-AE04-C8D1A52E0114}.Ad-Hoc|iPhoneSimulator.Deploy.0 = Debug|Any CPU
		{F5C7FE94-36CF-4B36-AE04-C8D1A52E0114}.Ad-Hoc|x64.ActiveCfg = Debug|Any CPU
		{F5C7FE94-36CF-4B36-AE04-C8D1A52E0114}.Ad-Hoc|x64.Build.0 = Debug|Any CPU
		{F5C7FE94-36CF-4B36-AE04-C8D1A52E0114}.Ad-Hoc|x64.Deploy.0 = Debug|Any CPU
		{F5C7FE94-36CF-4B36-AE04-C8D1A52E0114}.Ad-Hoc|x86.ActiveCfg = Debug|Any CPU
		{F5C7FE94-36CF-4B36-AE04-C8D1A52E0114}.Ad-Hoc|x86.Build.0 = Debug|Any CPU
		{F5C7FE94-36CF-4B36-AE04-C8D1A52E0114}.Ad-Hoc|x86.Deploy.0 = Debug|Any CPU
		{F5C7FE94-36CF-4B36-AE04-C8D1A52E0114}.AppStore|Any CPU.ActiveCfg = Debug|Any CPU
		{F5C7FE94-36CF-4B36-AE04-C8D1A52E0114}.AppStore|Any CPU.Build.0 = Debug|Any CPU
		{F5C7FE94-36CF-4B36-AE04-C8D1A52E0114}.AppStore|Any CPU.Deploy.0 = Debug|Any CPU
		{F5C7FE94-36CF-4B36-AE04-C8D1A52E0114}.AppStore|ARM.ActiveCfg = Debug|Any CPU
		{F5C7FE94-36CF-4B36-AE04-C8D1A52E0114}.AppStore|ARM.Build.0 = Debug|Any CPU
		{F5C7FE94-36CF-4B36-AE04-C8D1A52E0114}.AppStore|ARM.Deploy.0 = Debug|Any CPU
		{F5C7FE94-36CF-4B36-AE04-C8D1A52E0114}.AppStore|iPhone.ActiveCfg = Debug|Any CPU
		{F5C7FE94-36CF-4B36-AE04-C8D1A52E0114}.AppStore|iPhone.Build.0 = Debug|Any CPU
		{F5C7FE94-36CF-4B36-AE04-C8D1A52E0114}.AppStore|iPhone.Deploy.0 = Debug|Any CPU
		{F5C7FE94-36CF-4B36-AE04-C8D1A52E0114}.AppStore|iPhoneSimulator.ActiveCfg = Debug|Any CPU
		{F5C7FE94-36CF-4B36-AE04-C8D1A52E0114}.AppStore|iPhoneSimulator.Build.0 = Debug|Any CPU
		{F5C7FE94-36CF-4B36-AE04-C8D1A52E0114}.AppStore|iPhoneSimulator.Deploy.0 = Debug|Any CPU
		{F5C7FE94-36CF-4B36-AE04-C8D1A52E0114}.AppStore|x64.ActiveCfg = Debug|Any CPU
		{F5C7FE94-36CF-4B36-AE04-C8D1A52E0114}.AppStore|x64.Build.0 = Debug|Any CPU
		{F5C7FE94-36CF-4B36-AE04-C8D1A52E0114}.AppStore|x64.Deploy.0 = Debug|Any CPU
		{F5C7FE94-36CF-4B36-AE04-C8D1A52E0114}.AppStore|x86.ActiveCfg = Debug|Any CPU
		{F5C7FE94-36CF-4B36-AE04-C8D1A52E0114}.AppStore|x86.Build.0 = Debug|Any CPU
		{F5C7FE94-36CF-4B36-AE04-C8D1A52E0114}.AppStore|x86.Deploy.0 = Debug|Any CPU
		{F5C7FE94-36CF-4B36-AE04-C8D1A52E0114}.Debug|Any CPU.ActiveCfg = Debug|Any CPU
		{F5C7FE94-36CF-4B36-AE04-C8D1A52E0114}.Debug|Any CPU.Build.0 = Debug|Any CPU
		{F5C7FE94-36CF-4B36-AE04-C8D1A52E0114}.Debug|Any CPU.Deploy.0 = Debug|Any CPU
		{F5C7FE94-36CF-4B36-AE04-C8D1A52E0114}.Debug|ARM.ActiveCfg = Debug|Any CPU
		{F5C7FE94-36CF-4B36-AE04-C8D1A52E0114}.Debug|ARM.Build.0 = Debug|Any CPU
		{F5C7FE94-36CF-4B36-AE04-C8D1A52E0114}.Debug|ARM.Deploy.0 = Debug|Any CPU
		{F5C7FE94-36CF-4B36-AE04-C8D1A52E0114}.Debug|iPhone.ActiveCfg = Debug|Any CPU
		{F5C7FE94-36CF-4B36-AE04-C8D1A52E0114}.Debug|iPhone.Build.0 = Debug|Any CPU
		{F5C7FE94-36CF-4B36-AE04-C8D1A52E0114}.Debug|iPhone.Deploy.0 = Debug|Any CPU
		{F5C7FE94-36CF-4B36-AE04-C8D1A52E0114}.Debug|iPhoneSimulator.ActiveCfg = Debug|Any CPU
		{F5C7FE94-36CF-4B36-AE04-C8D1A52E0114}.Debug|iPhoneSimulator.Build.0 = Debug|Any CPU
		{F5C7FE94-36CF-4B36-AE04-C8D1A52E0114}.Debug|iPhoneSimulator.Deploy.0 = Debug|Any CPU
		{F5C7FE94-36CF-4B36-AE04-C8D1A52E0114}.Debug|x64.ActiveCfg = Debug|Any CPU
		{F5C7FE94-36CF-4B36-AE04-C8D1A52E0114}.Debug|x64.Build.0 = Debug|Any CPU
		{F5C7FE94-36CF-4B36-AE04-C8D1A52E0114}.Debug|x64.Deploy.0 = Debug|Any CPU
		{F5C7FE94-36CF-4B36-AE04-C8D1A52E0114}.Debug|x86.ActiveCfg = Debug|Any CPU
		{F5C7FE94-36CF-4B36-AE04-C8D1A52E0114}.Debug|x86.Build.0 = Debug|Any CPU
		{F5C7FE94-36CF-4B36-AE04-C8D1A52E0114}.Debug|x86.Deploy.0 = Debug|Any CPU
		{F5C7FE94-36CF-4B36-AE04-C8D1A52E0114}.Release|Any CPU.ActiveCfg = Release|Any CPU
		{F5C7FE94-36CF-4B36-AE04-C8D1A52E0114}.Release|Any CPU.Build.0 = Release|Any CPU
		{F5C7FE94-36CF-4B36-AE04-C8D1A52E0114}.Release|Any CPU.Deploy.0 = Release|Any CPU
		{F5C7FE94-36CF-4B36-AE04-C8D1A52E0114}.Release|ARM.ActiveCfg = Release|Any CPU
		{F5C7FE94-36CF-4B36-AE04-C8D1A52E0114}.Release|ARM.Build.0 = Release|Any CPU
		{F5C7FE94-36CF-4B36-AE04-C8D1A52E0114}.Release|ARM.Deploy.0 = Release|Any CPU
		{F5C7FE94-36CF-4B36-AE04-C8D1A52E0114}.Release|iPhone.ActiveCfg = Release|Any CPU
		{F5C7FE94-36CF-4B36-AE04-C8D1A52E0114}.Release|iPhone.Build.0 = Release|Any CPU
		{F5C7FE94-36CF-4B36-AE04-C8D1A52E0114}.Release|iPhone.Deploy.0 = Release|Any CPU
		{F5C7FE94-36CF-4B36-AE04-C8D1A52E0114}.Release|iPhoneSimulator.ActiveCfg = Release|Any CPU
		{F5C7FE94-36CF-4B36-AE04-C8D1A52E0114}.Release|iPhoneSimulator.Build.0 = Release|Any CPU
		{F5C7FE94-36CF-4B36-AE04-C8D1A52E0114}.Release|iPhoneSimulator.Deploy.0 = Release|Any CPU
		{F5C7FE94-36CF-4B36-AE04-C8D1A52E0114}.Release|x64.ActiveCfg = Release|Any CPU
		{F5C7FE94-36CF-4B36-AE04-C8D1A52E0114}.Release|x64.Build.0 = Release|Any CPU
		{F5C7FE94-36CF-4B36-AE04-C8D1A52E0114}.Release|x64.Deploy.0 = Release|Any CPU
		{F5C7FE94-36CF-4B36-AE04-C8D1A52E0114}.Release|x86.ActiveCfg = Release|Any CPU
		{F5C7FE94-36CF-4B36-AE04-C8D1A52E0114}.Release|x86.Build.0 = Release|Any CPU
		{F5C7FE94-36CF-4B36-AE04-C8D1A52E0114}.Release|x86.Deploy.0 = Release|Any CPU
	EndGlobalSection
	GlobalSection(SolutionProperties) = preSolution
		HideSolutionNode = FALSE
	EndGlobalSection
	GlobalSection(ExtensibilityGlobals) = postSolution
		SolutionGuid = {C813ADEB-5A1B-47EE-AB02-FD659337C244}
	EndGlobalSection
EndGlobal
